lockfileVersion: '9.0'

settings:
  autoInstallPeers: true
  excludeLinksFromLockfile: false

importers:

  .:
    dependencies:
      '@libsql/linux-x64-gnu':
        specifier: latest
        version: 0.5.13

packages:

  '@libsql/linux-x64-gnu@0.5.13':
    resolution: {integrity: sha512-/mfMRxcQAI9f8t7tU3QZyh25lXgXKzgin9B9TOSnchD73PWtsVhlyfA6qOCfjQl5kr4sHscdXD5Yb3KIoUgrpQ==}
    cpu: [x64]
    os: [linux]

snapshots:

  '@libsql/linux-x64-gnu@0.5.13': {}
